// !$*UTF8*$!
{
	archiveVersion = 1;
	classes = {
	};
	objectVersion = 46;
	objects = {

/* Begin PBXBuildFile section */
		7D2B34CC1D813022007DA156 /* ToDoItem.swift in Sources */ = {isa = PBXBuildFile; fileRef = 7D2B34CB1D813022007DA156 /* ToDoItem.swift */; };
		7D2B34CE1D813393007DA156 /* TableViewCell.swift in Sources */ = {isa = PBXBuildFile; fileRef = 7D2B34CD1D813393007DA156 /* TableViewCell.swift */; };
		7D64D40C1D96260E008129F0 /* aliens and cows_trial.ttf in Resources */ = {isa = PBXBuildFile; fileRef = 7D64D40B1D96260E008129F0 /* aliens and cows_trial.ttf */; };
		7DD0BF151D6ECA3200FEE27A /* AppDelegate.swift in Sources */ = {isa = PBXBuildFile; fileRef = 7DD0BF141D6ECA3200FEE27A /* AppDelegate.swift */; };
		7DD0BF171D6ECA3200FEE27A /* ViewController.swift in Sources */ = {isa = PBXBuildFile; fileRef = 7DD0BF161D6ECA3200FEE27A /* ViewController.swift */; };
		7DD0BF1A1D6ECA3200FEE27A /* Main.storyboard in Resources */ = {isa = PBXBuildFile; fileRef = 7DD0BF181D6ECA3200FEE27A /* Main.storyboard */; };
		7DD0BF1C1D6ECA3200FEE27A /* Assets.xcassets in Resources */ = {isa = PBXBuildFile; fileRef = 7DD0BF1B1D6ECA3200FEE27A /* Assets.xcassets */; };
		7DD0BF1F1D6ECA3200FEE27A /* LaunchScreen.storyboard in Resources */ = {isa = PBXBuildFile; fileRef = 7DD0BF1D1D6ECA3200FEE27A /* LaunchScreen.storyboard */; };
		7DD0BF2A1D6ECA3200FEE27A /* TARA_TrackerTests.swift in Sources */ = {isa = PBXBuildFile; fileRef = 7DD0BF291D6ECA3200FEE27A /* TARA_TrackerTests.swift */; };
		7DD0BF351D6ECA3200FEE27A /* TARA_TrackerUITests.swift in Sources */ = {isa = PBXBuildFile; fileRef = 7DD0BF341D6ECA3200FEE27A /* TARA_TrackerUITests.swift */; };
		7DD79BD91D9628B5000080A4 /* steelfish rg.ttf in Resources */ = {isa = PBXBuildFile; fileRef = 7DD79BD81D9628B5000080A4 /* steelfish rg.ttf */; };
/* End PBXBuildFile section */

/* Begin PBXContainerItemProxy section */
		7DD0BF261D6ECA3200FEE27A /* PBXContainerItemProxy */ = {
			isa = PBXContainerItemProxy;
			containerPortal = 7DD0BF091D6ECA3200FEE27A /* Project object */;
			proxyType = 1;
			remoteGlobalIDString = 7DD0BF101D6ECA3200FEE27A;
			remoteInfo = "TARA Tracker";
		};
		7DD0BF311D6ECA3200FEE27A /* PBXContainerItemProxy */ = {
			isa = PBXContainerItemProxy;
			containerPortal = 7DD0BF091D6ECA3200FEE27A /* Project object */;
			proxyType = 1;
			remoteGlobalIDString = 7DD0BF101D6ECA3200FEE27A;
			remoteInfo = "TARA Tracker";
		};
/* End PBXContainerItemProxy section */

/* Begin PBXFileReference section */
		7D2B34CB1D813022007DA156 /* ToDoItem.swift */ = {isa = PBXFileReference; fileEncoding = 4; lastKnownFileType = sourcecode.swift; path = ToDoItem.swift; sourceTree = "<group>"; };
		7D2B34CD1D813393007DA156 /* TableViewCell.swift */ = {isa = PBXFileReference; fileEncoding = 4; lastKnownFileType = sourcecode.swift; path = TableViewCell.swift; sourceTree = "<group>"; };
		7D64D40B1D96260E008129F0 /* aliens and cows_trial.ttf */ = {isa = PBXFileReference; lastKnownFileType = file; path = "aliens and cows_trial.ttf"; sourceTree = "<group>"; };
		7DD0BF111D6ECA3200FEE27A /* TARA Tracker.app */ = {isa = PBXFileReference; explicitFileType = wrapper.application; includeInIndex = 0; path = "TARA Tracker.app"; sourceTree = BUILT_PRODUCTS_DIR; };
		7DD0BF141D6ECA3200FEE27A /* AppDelegate.swift */ = {isa = PBXFileReference; lastKnownFileType = sourcecode.swift; path = AppDelegate.swift; sourceTree = "<group>"; };
		7DD0BF161D6ECA3200FEE27A /* ViewController.swift */ = {isa = PBXFileReference; lastKnownFileType = sourcecode.swift; path = ViewController.swift; sourceTree = "<group>"; };
		7DD0BF191D6ECA3200FEE27A /* Base */ = {isa = PBXFileReference; lastKnownFileType = file.storyboard; name = Base; path = Base.lproj/Main.storyboard; sourceTree = "<group>"; };
		7DD0BF1B1D6ECA3200FEE27A /* Assets.xcassets */ = {isa = PBXFileReference; lastKnownFileType = folder.assetcatalog; path = Assets.xcassets; sourceTree = "<group>"; };
		7DD0BF1E1D6ECA3200FEE27A /* Base */ = {isa = PBXFileReference; lastKnownFileType = file.storyboard; name = Base; path = Base.lproj/LaunchScreen.storyboard; sourceTree = "<group>"; };
		7DD0BF201D6ECA3200FEE27A /* Info.plist */ = {isa = PBXFileReference; lastKnownFileType = text.plist.xml; path = Info.plist; sourceTree = "<group>"; };
		7DD0BF251D6ECA3200FEE27A /* TARA TrackerTests.xctest */ = {isa = PBXFileReference; explicitFileType = wrapper.cfbundle; includeInIndex = 0; path = "TARA TrackerTests.xctest"; sourceTree = BUILT_PRODUCTS_DIR; };
		7DD0BF291D6ECA3200FEE27A /* TARA_TrackerTests.swift */ = {isa = PBXFileReference; lastKnownFileType = sourcecode.swift; path = TARA_TrackerTests.swift; sourceTree = "<group>"; };
		7DD0BF2B1D6ECA3200FEE27A /* Info.plist */ = {isa = PBXFileReference; lastKnownFileType = text.plist.xml; path = Info.plist; sourceTree = "<group>"; };
		7DD0BF301D6ECA3200FEE27A /* TARA TrackerUITests.xctest */ = {isa = PBXFileReference; explicitFileType = wrapper.cfbundle; includeInIndex = 0; path = "TARA TrackerUITests.xctest"; sourceTree = BUILT_PRODUCTS_DIR; };
		7DD0BF341D6ECA3200FEE27A /* TARA_TrackerUITests.swift */ = {isa = PBXFileReference; lastKnownFileType = sourcecode.swift; path = TARA_TrackerUITests.swift; sourceTree = "<group>"; };
		7DD0BF361D6ECA3200FEE27A /* Info.plist */ = {isa = PBXFileReference; lastKnownFileType = text.plist.xml; path = Info.plist; sourceTree = "<group>"; };
		7DD79BD81D9628B5000080A4 /* steelfish rg.ttf */ = {isa = PBXFileReference; lastKnownFileType = file; path = "steelfish rg.ttf"; sourceTree = "<group>"; };
/* End PBXFileReference section */

/* Begin PBXFrameworksBuildPhase section */
		7DD0BF0E1D6ECA3200FEE27A /* Frameworks */ = {
			isa = PBXFrameworksBuildPhase;
			buildActionMask = 2147483647;
			files = (
			);
			runOnlyForDeploymentPostprocessing = 0;
		};
		7DD0BF221D6ECA3200FEE27A /* Frameworks */ = {
			isa = PBXFrameworksBuildPhase;
			buildActionMask = 2147483647;
			files = (
			);
			runOnlyForDeploymentPostprocessing = 0;
		};
		7DD0BF2D1D6ECA3200FEE27A /* Frameworks */ = {
			isa = PBXFrameworksBuildPhase;
			buildActionMask = 2147483647;
			files = (
			);
			runOnlyForDeploymentPostprocessing = 0;
		};
/* End PBXFrameworksBuildPhase section */

/* Begin PBXGroup section */
		7D64D3FE1D95FF2A008129F0 /* Fonts */ = {
			isa = PBXGroup;
			children = (
				7D64D40B1D96260E008129F0 /* aliens and cows_trial.ttf */,
				7DD79BD81D9628B5000080A4 /* steelfish rg.ttf */,
			);
			name = Fonts;
			sourceTree = "<group>";
		};
		7DD0BF081D6ECA3200FEE27A = {
			isa = PBXGroup;
			children = (
				7DD0BF131D6ECA3200FEE27A /* TARA Tracker */,
				7DD0BF281D6ECA3200FEE27A /* TARA TrackerTests */,
				7DD0BF331D6ECA3200FEE27A /* TARA TrackerUITests */,
				7DD0BF121D6ECA3200FEE27A /* Products */,
			);
			sourceTree = "<group>";
		};
		7DD0BF121D6ECA3200FEE27A /* Products */ = {
			isa = PBXGroup;
			children = (
				7DD0BF111D6ECA3200FEE27A /* TARA Tracker.app */,
				7DD0BF251D6ECA3200FEE27A /* TARA TrackerTests.xctest */,
				7DD0BF301D6ECA3200FEE27A /* TARA TrackerUITests.xctest */,
			);
			name = Products;
			sourceTree = "<group>";
		};
		7DD0BF131D6ECA3200FEE27A /* TARA Tracker */ = {
			isa = PBXGroup;
			children = (
				7DD0BF141D6ECA3200FEE27A /* AppDelegate.swift */,
				7DD0BF161D6ECA3200FEE27A /* ViewController.swift */,
				7D2B34CB1D813022007DA156 /* ToDoItem.swift */,
				7DD0BF181D6ECA3200FEE27A /* Main.storyboard */,
				7D2B34CD1D813393007DA156 /* TableViewCell.swift */,
				7D64D3FE1D95FF2A008129F0 /* Fonts */,
				7DD0BF1B1D6ECA3200FEE27A /* Assets.xcassets */,
				7DD0BF1D1D6ECA3200FEE27A /* LaunchScreen.storyboard */,
				7DD0BF201D6ECA3200FEE27A /* Info.plist */,
			);
			path = "TARA Tracker";
			sourceTree = "<group>";
		};
		7DD0BF281D6ECA3200FEE27A /* TARA TrackerTests */ = {
			isa = PBXGroup;
			children = (
				7DD0BF291D6ECA3200FEE27A /* TARA_TrackerTests.swift */,
				7DD0BF2B1D6ECA3200FEE27A /* Info.plist */,
			);
			path = "TARA TrackerTests";
			sourceTree = "<group>";
		};
		7DD0BF331D6ECA3200FEE27A /* TARA TrackerUITests */ = {
			isa = PBXGroup;
			children = (
				7DD0BF341D6ECA3200FEE27A /* TARA_TrackerUITests.swift */,
				7DD0BF361D6ECA3200FEE27A /* Info.plist */,
			);
			path = "TARA TrackerUITests";
			sourceTree = "<group>";
		};
/* End PBXGroup section */

/* Begin PBXNativeTarget section */
		7DD0BF101D6ECA3200FEE27A /* TARA Tracker */ = {
			isa = PBXNativeTarget;
			buildConfigurationList = 7DD0BF391D6ECA3200FEE27A /* Build configuration list for PBXNativeTarget "TARA Tracker" */;
			buildPhases = (
				7DD0BF0D1D6ECA3200FEE27A /* Sources */,
				7DD0BF0E1D6ECA3200FEE27A /* Frameworks */,
				7DD0BF0F1D6ECA3200FEE27A /* Resources */,
			);
			buildRules = (
			);
			dependencies = (
			);
			name = "TARA Tracker";
			productName = "TARA Tracker";
			productReference = 7DD0BF111D6ECA3200FEE27A /* TARA Tracker.app */;
			productType = "com.apple.product-type.application";
		};
		7DD0BF241D6ECA3200FEE27A /* TARA TrackerTests */ = {
			isa = PBXNativeTarget;
			buildConfigurationList = 7DD0BF3C1D6ECA3200FEE27A /* Build configuration list for PBXNativeTarget "TARA TrackerTests" */;
			buildPhases = (
				7DD0BF211D6ECA3200FEE27A /* Sources */,
				7DD0BF221D6ECA3200FEE27A /* Frameworks */,
				7DD0BF231D6ECA3200FEE27A /* Resources */,
			);
			buildRules = (
			);
			dependencies = (
				7DD0BF271D6ECA3200FEE27A /* PBXTargetDependency */,
			);
			name = "TARA TrackerTests";
			productName = "TARA TrackerTests";
			productReference = 7DD0BF251D6ECA3200FEE27A /* TARA TrackerTests.xctest */;
			productType = "com.apple.product-type.bundle.unit-test";
		};
		7DD0BF2F1D6ECA3200FEE27A /* TARA TrackerUITests */ = {
			isa = PBXNativeTarget;
			buildConfigurationList = 7DD0BF3F1D6ECA3200FEE27A /* Build configuration list for PBXNativeTarget "TARA TrackerUITests" */;
			buildPhases = (
				7DD0BF2C1D6ECA3200FEE27A /* Sources */,
				7DD0BF2D1D6ECA3200FEE27A /* Frameworks */,
				7DD0BF2E1D6ECA3200FEE27A /* Resources */,
			);
			buildRules = (
			);
			dependencies = (
				7DD0BF321D6ECA3200FEE27A /* PBXTargetDependency */,
			);
			name = "TARA TrackerUITests";
			productName = "TARA TrackerUITests";
			productReference = 7DD0BF301D6ECA3200FEE27A /* TARA TrackerUITests.xctest */;
			productType = "com.apple.product-type.bundle.ui-testing";
		};
/* End PBXNativeTarget section */

/* Begin PBXProject section */
		7DD0BF091D6ECA3200FEE27A /* Project object */ = {
			isa = PBXProject;
			attributes = {
				LastSwiftUpdateCheck = 0730;
				LastUpgradeCheck = 0800;
				ORGANIZATIONNAME = "Justin Wei";
				TargetAttributes = {
					7DD0BF101D6ECA3200FEE27A = {
						CreatedOnToolsVersion = 7.3.1;
						DevelopmentTeam = HTYUN7JS5L;
						LastSwiftMigration = 0800;
						ProvisioningStyle = Automatic;
					};
					7DD0BF241D6ECA3200FEE27A = {
						CreatedOnToolsVersion = 7.3.1;
						LastSwiftMigration = 0800;
						TestTargetID = 7DD0BF101D6ECA3200FEE27A;
					};
					7DD0BF2F1D6ECA3200FEE27A = {
						CreatedOnToolsVersion = 7.3.1;
						LastSwiftMigration = 0800;
						TestTargetID = 7DD0BF101D6ECA3200FEE27A;
					};
				};
			};
			buildConfigurationList = 7DD0BF0C1D6ECA3200FEE27A /* Build configuration list for PBXProject "TARA Tracker" */;
			compatibilityVersion = "Xcode 3.2";
			developmentRegion = English;
			hasScannedForEncodings = 0;
			knownRegions = (
				en,
				Base,
			);
			mainGroup = 7DD0BF081D6ECA3200FEE27A;
			productRefGroup = 7DD0BF121D6ECA3200FEE27A /* Products */;
			projectDirPath = "";
			projectRoot = "";
			targets = (
				7DD0BF101D6ECA3200FEE27A /* TARA Tracker */,
				7DD0BF241D6ECA3200FEE27A /* TARA TrackerTests */,
				7DD0BF2F1D6ECA3200FEE27A /* TARA TrackerUITests */,
			);
		};
/* End PBXProject section */

/* Begin PBXResourcesBuildPhase section */
		7DD0BF0F1D6ECA3200FEE27A /* Resources */ = {
			isa = PBXResourcesBuildPhase;
			buildActionMask = 2147483647;
			files = (
				7DD0BF1F1D6ECA3200FEE27A /* LaunchScreen.storyboard in Resources */,
				7DD0BF1C1D6ECA3200FEE27A /* Assets.xcassets in Resources */,
				7DD79BD91D9628B5000080A4 /* steelfish rg.ttf in Resources */,
				7D64D40C1D96260E008129F0 /* aliens and cows_trial.ttf in Resources */,
				7DD0BF1A1D6ECA3200FEE27A /* Main.storyboard in Resources */,
			);
			runOnlyForDeploymentPostprocessing = 0;
		};
		7DD0BF231D6ECA3200FEE27A /* Resources */ = {
			isa = PBXResourcesBuildPhase;
			buildActionMask = 2147483647;
			files = (
			);
			runOnlyForDeploymentPostprocessing = 0;
		};
		7DD0BF2E1D6ECA3200FEE27A /* Resources */ = {
			isa = PBXResourcesBuildPhase;
			buildActionMask = 2147483647;
			files = (
			);
			runOnlyForDeploymentPostprocessing = 0;
		};
/* End PBXResourcesBuildPhase section */

/* Begin PBXSourcesBuildPhase section */
		7DD0BF0D1D6ECA3200FEE27A /* Sources */ = {
			isa = PBXSourcesBuildPhase;
			buildActionMask = 2147483647;
			files = (
				7DD0BF171D6ECA3200FEE27A /* ViewController.swift in Sources */,
				7D2B34CE1D813393007DA156 /* TableViewCell.swift in Sources */,
				7DD0BF151D6ECA3200FEE27A /* AppDelegate.swift in Sources */,
				7D2B34CC1D813022007DA156 /* ToDoItem.swift in Sources */,
			);
			runOnlyForDeploymentPostprocessing = 0;
		};
		7DD0BF211D6ECA3200FEE27A /* Sources */ = {
			isa = PBXSourcesBuildPhase;
			buildActionMask = 2147483647;
			files = (
				7DD0BF2A1D6ECA3200FEE27A /* TARA_TrackerTests.swift in Sources */,
			);
			runOnlyForDeploymentPostprocessing = 0;
		};
		7DD0BF2C1D6ECA3200FEE27A /* Sources */ = {
			isa = PBXSourcesBuildPhase;
			buildActionMask = 2147483647;
			files = (
				7DD0BF351D6ECA3200FEE27A /* TARA_TrackerUITests.swift in Sources */,
			);
			runOnlyForDeploymentPostprocessing = 0;
		};
/* End PBXSourcesBuildPhase section */

/* Begin PBXTargetDependency section */
		7DD0BF271D6ECA3200FEE27A /* PBXTargetDependency */ = {
			isa = PBXTargetDependency;
			target = 7DD0BF101D6ECA3200FEE27A /* TARA Tracker */;
			targetProxy = 7DD0BF261D6ECA3200FEE27A /* PBXContainerItemProxy */;
		};
		7DD0BF321D6ECA3200FEE27A /* PBXTargetDependency */ = {
			isa = PBXTargetDependency;
			target = 7DD0BF101D6ECA3200FEE27A /* TARA Tracker */;
			targetProxy = 7DD0BF311D6ECA3200FEE27A /* PBXContainerItemProxy */;
		};
/* End PBXTargetDependency section */

/* Begin PBXVariantGroup section */
		7DD0BF181D6ECA3200FEE27A /* Main.storyboard */ = {
			isa = PBXVariantGroup;
			children = (
				7DD0BF191D6ECA3200FEE27A /* Base */,
			);
			name = Main.storyboard;
			sourceTree = "<group>";
		};
		7DD0BF1D1D6ECA3200FEE27A /* LaunchScreen.storyboard */ = {
			isa = PBXVariantGroup;
			children = (
				7DD0BF1E1D6ECA3200FEE27A /* Base */,
			);
			name = LaunchScreen.storyboard;
			sourceTree = "<group>";
		};
/* End PBXVariantGroup section */

/* Begin XCBuildConfiguration section */
		7DD0BF371D6ECA3200FEE27A /* Debug */ = {
			isa = XCBuildConfiguration;
			buildSettings = {
				ALWAYS_SEARCH_USER_PATHS = NO;
				CLANG_ANALYZER_NONNULL = YES;
				CLANG_CXX_LANGUAGE_STANDARD = "gnu++0x";
				CLANG_CXX_LIBRARY = "libc++";
				CLANG_ENABLE_MODULES = YES;
				CLANG_ENABLE_OBJC_ARC = YES;
				CLANG_WARN_BOOL_CONVERSION = YES;
				CLANG_WARN_CONSTANT_CONVERSION = YES;
				CLANG_WARN_DIRECT_OBJC_ISA_USAGE = YES_ERROR;
				CLANG_WARN_EMPTY_BODY = YES;
				CLANG_WARN_ENUM_CONVERSION = YES;
				CLANG_WARN_INFINITE_RECURSION = YES;
				CLANG_WARN_INT_CONVERSION = YES;
				CLANG_WARN_OBJC_ROOT_CLASS = YES_ERROR;
				CLANG_WARN_SUSPICIOUS_MOVE = YES;
				CLANG_WARN_UNREACHABLE_CODE = YES;
				CLANG_WARN__DUPLICATE_METHOD_MATCH = YES;
				"CODE_SIGN_IDENTITY[sdk=iphoneos*]" = "iPhone Developer";
				COPY_PHASE_STRIP = NO;
				DEBUG_INFORMATION_FORMAT = dwarf;
				ENABLE_STRICT_OBJC_MSGSEND = YES;
				ENABLE_TESTABILITY = YES;
				GCC_C_LANGUAGE_STANDARD = gnu99;
				GCC_DYNAMIC_NO_PIC = NO;
				GCC_NO_COMMON_BLOCKS = YES;
				GCC_OPTIMIZATION_LEVEL = 0;
				GCC_PREPROCESSOR_DEFINITIONS = (
					"DEBUG=1",
					"$(inherited)",
				);
				GCC_WARN_64_TO_32_BIT_CONVERSION = YES;
				GCC_WARN_ABOUT_RETURN_TYPE = YES_ERROR;
				GCC_WARN_UNDECLARED_SELECTOR = YES;
				GCC_WARN_UNINITIALIZED_AUTOS = YES_AGGRESSIVE;
				GCC_WARN_UNUSED_FUNCTION = YES;
				GCC_WARN_UNUSED_VARIABLE = YES;
				IPHONEOS_DEPLOYMENT_TARGET = 9.3;
				MTL_ENABLE_DEBUG_INFO = YES;
				ONLY_ACTIVE_ARCH = YES;
				SDKROOT = iphoneos;
				SWIFT_OPTIMIZATION_LEVEL = "-Onone";
				TARGETED_DEVICE_FAMILY = "1,2";
			};
			name = Debug;
		};
		7DD0BF381D6ECA3200FEE27A /* Release */ = {
			isa = XCBuildConfiguration;
			buildSettings = {
				ALWAYS_SEARCH_USER_PATHS = NO;
				CLANG_ANALYZER_NONNULL = YES;
				CLANG_CXX_LANGUAGE_STANDARD = "gnu++0x";
				CLANG_CXX_LIBRARY = "libc++";
				CLANG_ENABLE_MODULES = YES;
				CLANG_ENABLE_OBJC_ARC = YES;
				CLANG_WARN_BOOL_CONVERSION = YES;
				CLANG_WARN_CONSTANT_CONVERSION = YES;
				CLANG_WARN_DIRECT_OBJC_ISA_USAGE = YES_ERROR;
				CLANG_WARN_EMPTY_BODY = YES;
				CLANG_WARN_ENUM_CONVERSION = YES;
				CLANG_WARN_INFINITE_RECURSION = YES;
				CLANG_WARN_INT_CONVERSION = YES;
				CLANG_WARN_OBJC_ROOT_CLASS = YES_ERROR;
				CLANG_WARN_SUSPICIOUS_MOVE = YES;
				CLANG_WARN_UNREACHABLE_CODE = YES;
				CLANG_WARN__DUPLICATE_METHOD_MATCH = YES;
				"CODE_SIGN_IDENTITY[sdk=iphoneos*]" = "iPhone Developer";
				COPY_PHASE_STRIP = NO;
				DEBUG_INFORMATION_FORMAT = "dwarf-with-dsym";
				ENABLE_NS_ASSERTIONS = NO;
				ENABLE_STRICT_OBJC_MSGSEND = YES;
				GCC_C_LANGUAGE_STANDARD = gnu99;
				GCC_NO_COMMON_BLOCKS = YES;
				GCC_WARN_64_TO_32_BIT_CONVERSION = YES;
				GCC_WARN_ABOUT_RETURN_TYPE = YES_ERROR;
				GCC_WARN_UNDECLARED_SELECTOR = YES;
				GCC_WARN_UNINITIALIZED_AUTOS = YES_AGGRESSIVE;
				GCC_WARN_UNUSED_FUNCTION = YES;
				GCC_WARN_UNUSED_VARIABLE = YES;
				IPHONEOS_DEPLOYMENT_TARGET = 9.3;
				MTL_ENABLE_DEBUG_INFO = NO;
				SDKROOT = iphoneos;
				SWIFT_OPTIMIZATION_LEVEL = "-Owholemodule";
				TARGETED_DEVICE_FAMILY = "1,2";
				VALIDATE_PRODUCT = YES;
			};
			name = Release;
		};
		7DD0BF3A1D6ECA3200FEE27A /* Debug */ = {
			isa = XCBuildConfiguration;
			buildSettings = {
				ASSETCATALOG_COMPILER_APPICON_NAME = AppIcon;
				CODE_SIGN_IDENTITY = "iPhone Developer";
				"CODE_SIGN_IDENTITY[sdk=iphoneos*]" = "iPhone Developer";
				DEVELOPMENT_TEAM = HTYUN7JS5L;
				INFOPLIST_FILE = "TARA Tracker/Info.plist";
				LD_RUNPATH_SEARCH_PATHS = "$(inherited) @executable_path/Frameworks";
				PRODUCT_BUNDLE_IDENTIFIER = "UCSF.TARA-Tracker";
				PRODUCT_NAME = "$(TARGET_NAME)";
				PROVISIONING_PROFILE = "";
				PROVISIONING_PROFILE_SPECIFIER = "";
				SWIFT_VERSION = 3.0;
			};
			name = Debug;
		};
		7DD0BF3B1D6ECA3200FEE27A /* Release */ = {
			isa = XCBuildConfiguration;
			buildSettings = {
				ASSETCATALOG_COMPILER_APPICON_NAME = AppIcon;
				CODE_SIGN_IDENTITY = "iPhone Distribution";
				"CODE_SIGN_IDENTITY[sdk=iphoneos*]" = "iPhone Developer";
				DEVELOPMENT_TEAM = HTYUN7JS5L;
				INFOPLIST_FILE = "TARA Tracker/Info.plist";
				LD_RUNPATH_SEARCH_PATHS = "$(inherited) @executable_path/Frameworks";
				PRODUCT_BUNDLE_IDENTIFIER = "UCSF.TARA-Tracker";
				PRODUCT_NAME = "$(TARGET_NAME)";
				PROVISIONING_PROFILE = "";
				PROVISIONING_PROFILE_SPECIFIER = "";
				SWIFT_VERSION = 3.0;
			};
			name = Release;
		};
		7DD0BF3D1D6ECA3200FEE27A /* Debug */ = {
			isa = XCBuildConfiguration;
			buildSettings = {
				BUNDLE_LOADER = "$(TEST_HOST)";
				INFOPLIST_FILE = "TARA TrackerTests/Info.plist";
				LD_RUNPATH_SEARCH_PATHS = "$(inherited) @executable_path/Frameworks @loader_path/Frameworks";
				PRODUCT_BUNDLE_IDENTIFIER = "UCSF.TARA-TrackerTests";
				PRODUCT_NAME = "$(TARGET_NAME)";
				SWIFT_VERSION = 3.0;
				TEST_HOST = "$(BUILT_PRODUCTS_DIR)/TARA Tracker.app/TARA Tracker";
			};
			name = Debug;
		};
		7DD0BF3E1D6ECA3200FEE27A /* Release */ = {
			isa = XCBuildConfiguration;
			buildSettings = {
				BUNDLE_LOADER = "$(TEST_HOST)";
				INFOPLIST_FILE = "TARA TrackerTests/Info.plist";
				LD_RUNPATH_SEARCH_PATHS = "$(inherited) @executable_path/Frameworks @loader_path/Frameworks";
				PRODUCT_BUNDLE_IDENTIFIER = "UCSF.TARA-TrackerTests";
				PRODUCT_NAME = "$(TARGET_NAME)";
				SWIFT_VERSION = 3.0;
				TEST_HOST = "$(BUILT_PRODUCTS_DIR)/TARA Tracker.app/TARA Tracker";
			};
			name = Release;
		};
		7DD0BF401D6ECA3200FEE27A /* Debug */ = {
			isa = XCBuildConfiguration;
			buildSettings = {
				INFOPLIST_FILE = "TARA TrackerUITests/Info.plist";
				LD_RUNPATH_SEARCH_PATHS = "$(inherited) @executable_path/Frameworks @loader_path/Frameworks";
				PRODUCT_BUNDLE_IDENTIFIER = "UCSF.TARA-TrackerUITests";
				PRODUCT_NAME = "$(TARGET_NAME)";
				SWIFT_VERSION = 3.0;
				TEST_TARGET_NAME = "TARA Tracker";
			};
			name = Debug;
		};
		7DD0BF411D6ECA3200FEE27A /* Release */ = {
			isa = XCBuildConfiguration;
			buildSettings = {
				INFOPLIST_FILE = "TARA TrackerUITests/Info.plist";
				LD_RUNPATH_SEARCH_PATHS = "$(inherited) @executable_path/Frameworks @loader_path/Frameworks";
				PRODUCT_BUNDLE_IDENTIFIER = "UCSF.TARA-TrackerUITests";
				PRODUCT_NAME = "$(TARGET_NAME)";
				SWIFT_VERSION = 3.0;
				TEST_TARGET_NAME = "TARA Tracker";
			};
			name = Release;
		};
/* End XCBuildConfiguration section */

/* Begin XCConfigurationList section */
		7DD0BF0C1D6ECA3200FEE27A /* Build configuration list for PBXProject "TARA Tracker" */ = {
			isa = XCConfigurationList;
			buildConfigurations = (
				7DD0BF371D6ECA3200FEE27A /* Debug */,
				7DD0BF381D6ECA3200FEE27A /* Release */,
			);
			defaultConfigurationIsVisible = 0;
			defaultConfigurationName = Release;
		};
		7DD0BF391D6ECA3200FEE27A /* Build configuration list for PBXNativeTarget "TARA Tracker" */ = {
			isa = XCConfigurationList;
			buildConfigurations = (
				7DD0BF3A1D6ECA3200FEE27A /* Debug */,
				7DD0BF3B1D6ECA3200FEE27A /* Release */,
			);
			defaultConfigurationIsVisible = 0;
			defaultConfigurationName = Release;
		};
		7DD0BF3C1D6ECA3200FEE27A /* Build configuration list for PBXNativeTarget "TARA TrackerTests" */ = {
			isa = XCConfigurationList;
			buildConfigurations = (
				7DD0BF3D1D6ECA3200FEE27A /* Debug */,
				7DD0BF3E1D6ECA3200FEE27A /* Release */,
			);
			defaultConfigurationIsVisible = 0;
			defaultConfigurationName = Release;
		};
		7DD0BF3F1D6ECA3200FEE27A /* Build configuration list for PBXNativeTarget "TARA TrackerUITests" */ = {
			isa = XCConfigurationList;
			buildConfigurations = (
				7DD0BF401D6ECA3200FEE27A /* Debug */,
				7DD0BF411D6ECA3200FEE27A /* Release */,
			);
			defaultConfigurationIsVisible = 0;
			defaultConfigurationName = Release;
		};
/* End XCConfigurationList section */
	};
	rootObject = 7DD0BF091D6ECA3200FEE27A /* Project object */;
}
